<?xml version="1.0" encoding="utf-8"?>
<Project ToolsVersion="4.0" xmlns="http://schemas.microsoft.com/developer/msbuild/2003">
  <ItemGroup>
    <Filter Include="Source Files">
      <UniqueIdentifier>{4FC737F1-C7A5-4376-A066-2A32D752A2FF}</UniqueIdentifier>
      <Extensions>cpp;c;cc;cxx;c++;cppm;ixx;def;odl;idl;hpj;bat;asm;asmx</Extensions>
    </Filter>
    <Filter Include="Header Files">
      <UniqueIdentifier>{93995380-89BD-4b04-88EB-625FBE52EBFB}</UniqueIdentifier>
      <Extensions>h;hh;hpp;hxx;h++;hm;inl;inc;ipp;xsd</Extensions>
    </Filter>
    <Filter Include="Resource Files">
      <UniqueIdentifier>{67DA6AB6-F800-4c08-8B7A-83BB121AAD01}</UniqueIdentifier>
      <Extensions>rc;ico;cur;bmp;dlg;rc2;rct;bin;rgs;gif;jpg;jpeg;jpe;resx;tiff;tif;png;wav;mfcribbon-ms</Extensions>
    </Filter>
    <Filter Include="Resource Files\resources">
      <UniqueIdentifier>{2829c196-5788-46ec-b65c-4a1c737a9ed7}</UniqueIdentifier>
    </Filter>
  </ItemGroup>
  <ItemGroup>
    <ClCompile Include="External Gaming Library.cpp">
      <Filter>Source Files</Filter>
    </ClCompile>
    <ClCompile Include="Setup.cpp">
      <Filter>Source Files</Filter>
    </ClCompile>
    <ClCompile Include="User_Interface.cpp">
      <Filter>Source Files</Filter>
    </ClCompile>
    <ClCompile Include="Animation.cpp">
      <Filter>Source Files</Filter>
    </ClCompile>
    <ClCompile Include="Executable.cpp">
      <Filter>Source Files</Filter>
    </ClCompile>
  </ItemGroup>
  <ItemGroup>
    <ClInclude Include="Setup.h">
      <Filter>Header Files</Filter>
    </ClInclude>
    <ClInclude Include="User_Interface.h">
      <Filter>Header Files</Filter>
    </ClInclude>
    <ClInclude Include="Animation.h">
      <Filter>Header Files</Filter>
    </ClInclude>
    <ClInclude Include="Executable.h">
      <Filter>Header Files</Filter>
    </ClInclude>
  </ItemGroup>
  <ItemGroup>
    <Image Include="resources\ancient_ruins.png">
      <Filter>Resource Files\resources</Filter>
    </Image>
    <Image Include="resources\The Witcher 3.png">
      <Filter>Resource Files\resources</Filter>
    </Image>
    <Image Include="resources\Geralt_Wine.png">
      <Filter>Resource Files\resources</Filter>
    </Image>
  </ItemGroup>
  <ItemGroup>
    <None Include="resources\Kunai.ani">
      <Filter>Resource Files\resources</Filter>
    </None>
    <None Include="resources\Eye.ani">
      <Filter>Resource Files\resources</Filter>
    </None>
  </ItemGroup>
  <ItemGroup>
    <Font Include="Montserrat-SemiBold.otf">
      <Filter>Resource Files\resources</Filter>
    </Font>
  </ItemGroup>
</Project>